
Microsoft Visual Studio Solution File, Format Version 12.00
# Visual Studio Version 17
VisualStudioVersion = 17.8.34316.72
MinimumVisualStudioVersion = 10.0.40219.1
Project("{FAE04EC0-301F-11D3-BF4B-00C04F79EFBC}") = "Tic Tac Toe", "Tic Tac Toe\Tic Tac Toe.csproj", "{037BED64-38D4-4178-A774-D7E249CC1D61}"
EndProject
Global
	GlobalSection(SolutionConfigurationPlatforms) = preSolution
		Debug|Any CPU = Debug|Any CPU
		Release|Any CPU = Release|Any CPU
	EndGlobalSection
	GlobalSection(ProjectConfigurationPlatforms) = postSolution
		{037BED64-38D4-4178-A774-D7E249CC1D61}.Debug|Any CPU.ActiveCfg = Debug|Any CPU
		{037BED64-38D4-4178-A774-D7E249CC1D61}.Debug|Any CPU.Build.0 = Debug|Any CPU
		{037BED64-38D4-4178-A774-D7E249CC1D61}.Release|Any CPU.ActiveCfg = Release|Any CPU
		{037BED64-38D4-4178-A774-D7E249CC1D61}.Release|Any CPU.Build.0 = Release|Any CPU
	EndGlobalSection
	GlobalSection(SolutionProperties) = preSolution
		HideSolutionNode = FALSE
	EndGlobalSection
	GlobalSection(ExtensibilityGlobals) = postSolution
		SolutionGuid = {195809D8-8070-4012-B54A-1CB9CE115284}
	EndGlobalSection
EndGlobal
